
Microsoft Visual Studio Solution File, Format Version 12.00
# Visual Studio Version 17
VisualStudioVersion = 17.9.34714.143
MinimumVisualStudioVersion = 10.0.40219.1
Project("{FAE04EC0-301F-11D3-BF4B-00C04F79EFBC}") = "QuizApp", "QuizApp\QuizApp.csproj", "{54AD3A02-BF86-4134-9455-9CED76C779C8}"
EndProject
Global
	GlobalSection(SolutionConfigurationPlatforms) = preSolution
		Debug|Any CPU = Debug|Any CPU
		Release|Any CPU = Release|Any CPU
	EndGlobalSection
	GlobalSection(ProjectConfigurationPlatforms) = postSolution
		{54AD3A02-BF86-4134-9455-9CED76C779C8}.Debug|Any CPU.ActiveCfg = Debug|Any CPU
		{54AD3A02-BF86-4134-9455-9CED76C779C8}.Debug|Any CPU.Build.0 = Debug|Any CPU
		{54AD3A02-BF86-4134-9455-9CED76C779C8}.Release|Any CPU.ActiveCfg = Release|Any CPU
		{54AD3A02-BF86-4134-9455-9CED76C779C8}.Release|Any CPU.Build.0 = Release|Any CPU
	EndGlobalSection
	GlobalSection(SolutionProperties) = preSolution
		HideSolutionNode = FALSE
	EndGlobalSection
	GlobalSection(ExtensibilityGlobals) = postSolution
		SolutionGuid = {AD5808DC-8121-4C83-A69A-C9F980F6F8B3}
	EndGlobalSection
EndGlobal
